{
  "nodes": {
    "authentik-nix": {
      "inputs": {
        "authentik-src": "authentik-src",
        "flake-compat": [
          "nur",
          "flake-compat"
        ],
        "flake-parts": [
          "nur",
          "flake-parts"
        ],
        "flake-utils": [
          "nur",
          "flake-utils"
        ],
        "napalm": [
          "nur",
          "napalm"
        ],
        "nixpkgs": [
          "nur",
          "nixpkgs"
        ],
        "nixpkgs-23-05": [
          "nur",
          "nixpkgs-23-05"
        ],
        "poetry2nix": [
          "nur",
          "poetry2nix"
        ]
      },
      "locked": {
        "lastModified": 1704822856,
        "narHash": "sha256-LHng0EWMNh/1pRIitisMzu4XVHswjDZpfAa5cfRO6kE=",
        "owner": "nix-community",
        "repo": "authentik-nix",
        "rev": "8ff62523708d1a3e9cf99891aaa7692dafd445a5",
        "type": "github"
      },
      "original": {
        "owner": "nix-community",
        "repo": "authentik-nix",
        "type": "github"
      }
    },
    "authentik-src": {
      "flake": false,
      "locked": {
        "lastModified": 1704822648,
        "narHash": "sha256-N6FeNUlenbBQPAAUSqC+2GWFfte3G+Zfu5KGVJOqNZQ=",
        "owner": "goauthentik",
        "repo": "authentik",
        "rev": "1cd000dfe204b9605c85e6cebc051586a0329604",
        "type": "github"
      },
      "original": {
        "owner": "goauthentik",
        "ref": "version/2023.10.6",
        "repo": "authentik",
        "type": "github"
      }
    },
    "colmena": {
      "inputs": {
        "flake-compat": [
          "flake-compat"
        ],
        "flake-utils": [
          "flake-utils"
        ],
        "nixpkgs": [
          "nixpkgs"
        ],
        "stable": "stable"
      },
      "locked": {
        "lastModified": 1699171528,
        "narHash": "sha256-ZsN6y+tgN5w84oAqRQpMhIvQM39ZNSZoZvn2AK0QYr4=",
        "owner": "zhaofengli",
        "repo": "colmena",
        "rev": "665603956a1c3040d756987bc7a810ffe86a3b15",
        "type": "github"
      },
      "original": {
        "owner": "zhaofengli",
        "repo": "colmena",
        "type": "github"
      }
    },
    "flake-compat": {
      "flake": false,
      "locked": {
        "lastModified": 1696426674,
        "narHash": "sha256-kvjfFW7WAETZlt09AgDn1MrtKzP7t90Vf7vypd3OL1U=",
        "owner": "edolstra",
        "repo": "flake-compat",
        "rev": "0f9255e01c2351cc7d116c072cb317785dd33b33",
        "type": "github"
      },
      "original": {
        "owner": "edolstra",
        "repo": "flake-compat",
        "type": "github"
      }
    },
    "flake-parts": {
      "inputs": {
        "nixpkgs-lib": [
          "nur",
          "nixpkgs-lib"
        ]
      },
      "locked": {
        "lastModified": 1704152458,
        "narHash": "sha256-DS+dGw7SKygIWf9w4eNBUZsK+4Ug27NwEWmn2tnbycg=",
        "owner": "hercules-ci",
        "repo": "flake-parts",
        "rev": "88a2cd8166694ba0b6cb374700799cec53aef527",
        "type": "github"
      },
      "original": {
        "owner": "hercules-ci",
        "repo": "flake-parts",
        "type": "github"
      }
    },
    "flake-utils": {
      "inputs": {
        "systems": "systems"
      },
      "locked": {
        "lastModified": 1701680307,
        "narHash": "sha256-kAuep2h5ajznlPMD9rnQyffWG8EM/C73lejGofXvdM8=",
        "owner": "numtide",
        "repo": "flake-utils",
        "rev": "4022d587cbbfd70fe950c1e2083a02621806a725",
        "type": "github"
      },
      "original": {
        "owner": "numtide",
        "repo": "flake-utils",
        "type": "github"
      }
    },
    "home-manager": {
      "inputs": {
        "nixpkgs": [
          "nixpkgs"
        ]
      },
      "locked": {
        "lastModified": 1705104164,
        "narHash": "sha256-pllCu3Hcm1wP/B0SUxgUXvHeEd4w8s2aVrEQRdIL1yo=",
        "owner": "nix-community",
        "repo": "home-manager",
        "rev": "0912d26b30332ae6a90e1b321ff88e80492127dd",
        "type": "github"
      },
      "original": {
        "owner": "nix-community",
        "repo": "home-manager",
        "type": "github"
      }
    },
    "impermanence": {
      "locked": {
        "lastModified": 1703656108,
        "narHash": "sha256-hCSUqdFJKHHbER8Cenf5JRzjMlBjIdwdftGQsO0xoJs=",
        "owner": "nix-community",
        "repo": "impermanence",
        "rev": "033643a45a4a920660ef91caa391fbffb14da466",
        "type": "github"
      },
      "original": {
        "owner": "nix-community",
        "repo": "impermanence",
        "type": "github"
      }
    },
    "napalm": {
      "inputs": {
        "flake-utils": [
          "nur",
          "flake-utils"
        ],
        "nixpkgs": [
          "nur",
          "nixpkgs"
        ]
      },
      "locked": {
        "lastModified": 1703102458,
        "narHash": "sha256-3pOV731qi34Q2G8e2SqjUXqnftuFrbcq+NdagEZXISo=",
        "owner": "nix-community",
        "repo": "napalm",
        "rev": "edcb26c266ca37c9521f6a97f33234633cbec186",
        "type": "github"
      },
      "original": {
        "owner": "nix-community",
        "repo": "napalm",
        "type": "github"
      }
    },
    "nix-github-actions": {
      "inputs": {
        "nixpkgs": [
          "nur",
          "poetry2nix",
          "nixpkgs"
        ]
      },
      "locked": {
        "lastModified": 1698974481,
        "narHash": "sha256-yPncV9Ohdz1zPZxYHQf47S8S0VrnhV7nNhCawY46hDA=",
        "owner": "nix-community",
        "repo": "nix-github-actions",
        "rev": "4bb5e752616262457bc7ca5882192a564c0472d2",
        "type": "github"
      },
      "original": {
        "owner": "nix-community",
        "repo": "nix-github-actions",
        "type": "github"
      }
    },
    "nixpkgs": {
      "locked": {
        "lastModified": 1704538339,
        "narHash": "sha256-1734d3mQuux9ySvwf6axRWZRBhtcZA9Q8eftD6EZg6U=",
        "owner": "NixOS",
        "repo": "nixpkgs",
        "rev": "46ae0210ce163b3cba6c7da08840c1d63de9c701",
        "type": "github"
      },
      "original": {
        "owner": "NixOS",
        "ref": "nixos-unstable",
        "repo": "nixpkgs",
        "type": "github"
      }
    },
    "nixpkgs-23-05": {
      "locked": {
        "lastModified": 1704290814,
        "narHash": "sha256-LWvKHp7kGxk/GEtlrGYV68qIvPHkU9iToomNFGagixU=",
        "owner": "NixOS",
        "repo": "nixpkgs",
        "rev": "70bdadeb94ffc8806c0570eb5c2695ad29f0e421",
        "type": "github"
      },
      "original": {
        "owner": "NixOS",
        "ref": "nixos-23.05",
        "repo": "nixpkgs",
        "type": "github"
      }
    },
    "nixpkgs-lib": {
      "locked": {
        "dir": "lib",
        "lastModified": 1704538339,
        "narHash": "sha256-1734d3mQuux9ySvwf6axRWZRBhtcZA9Q8eftD6EZg6U=",
        "owner": "NixOS",
        "repo": "nixpkgs",
        "rev": "46ae0210ce163b3cba6c7da08840c1d63de9c701",
        "type": "github"
      },
      "original": {
        "dir": "lib",
        "owner": "NixOS",
        "ref": "nixos-unstable",
        "repo": "nixpkgs",
        "type": "github"
      }
    },
    "nixpkgs-stable": {
      "locked": {
        "lastModified": 1704290814,
        "narHash": "sha256-LWvKHp7kGxk/GEtlrGYV68qIvPHkU9iToomNFGagixU=",
        "owner": "NixOS",
        "repo": "nixpkgs",
        "rev": "70bdadeb94ffc8806c0570eb5c2695ad29f0e421",
        "type": "github"
      },
      "original": {
        "owner": "NixOS",
        "ref": "release-23.05",
        "repo": "nixpkgs",
        "type": "github"
      }
    },
    "nur": {
      "inputs": {
        "authentik-nix": "authentik-nix",
        "flake-compat": "flake-compat",
        "flake-parts": "flake-parts",
        "flake-utils": "flake-utils",
        "napalm": "napalm",
        "nixpkgs": "nixpkgs",
        "nixpkgs-23-05": "nixpkgs-23-05",
        "nixpkgs-lib": "nixpkgs-lib",
        "nvfetcher": "nvfetcher",
        "poetry2nix": "poetry2nix",
        "sops-nix": "sops-nix",
        "spicetify-nix": "spicetify-nix"
      },
      "locked": {
        "lastModified": 1705127408,
        "narHash": "sha256-CURbGTwf2HhFTvVDoxaRvoMVFz6tA+mWuYbjgJcgJYU=",
        "owner": "A1ca7raz",
        "repo": "nurpkgs",
        "rev": "a26bb2b479619b3bfcb06e25d0fd6255e2479340",
        "type": "github"
      },
      "original": {
        "owner": "A1ca7raz",
        "repo": "nurpkgs",
        "type": "github"
      }
    },
    "nvfetcher": {
      "inputs": {
        "flake-compat": [
          "nur",
          "flake-compat"
        ],
        "flake-utils": [
          "nur",
          "flake-utils"
        ],
        "nixpkgs": [
          "nur",
          "nixpkgs"
        ]
      },
      "locked": {
        "lastModified": 1693539235,
        "narHash": "sha256-ACmCq1+RnVq+EB7yeN6fThUR3cCJZb6lKEfv937WG84=",
        "owner": "berberman",
        "repo": "nvfetcher",
        "rev": "2bcf73dea96497ac9c36ed320b457caa705f9485",
        "type": "github"
      },
      "original": {
        "owner": "berberman",
        "repo": "nvfetcher",
        "type": "github"
      }
    },
    "poetry2nix": {
      "inputs": {
        "flake-utils": [
          "nur",
          "flake-utils"
        ],
        "nix-github-actions": "nix-github-actions",
        "nixpkgs": [
          "nur",
          "nixpkgs"
        ],
        "systems": "systems_2",
        "treefmt-nix": "treefmt-nix"
      },
      "locked": {
        "lastModified": 1704540236,
        "narHash": "sha256-VKQ7JUjINd34sYhH7DKTtqnARvRySJ808cW9hoYA8NQ=",
        "owner": "nix-community",
        "repo": "poetry2nix",
        "rev": "74921da7e0cc8918adc2e9989bd3e9c127b25ff6",
        "type": "github"
      },
      "original": {
        "owner": "nix-community",
        "repo": "poetry2nix",
        "type": "github"
      }
    },
    "root": {
      "inputs": {
        "authentik-nix": [
          "nur",
          "authentik-nix"
        ],
        "colmena": "colmena",
        "flake-compat": [
          "nur",
          "flake-compat"
        ],
        "flake-utils": [
          "nur",
          "flake-utils"
        ],
        "home-manager": "home-manager",
        "impermanence": "impermanence",
        "nixpkgs": [
          "nur",
          "nixpkgs"
        ],
        "nur": "nur",
        "sops-nix": [
          "nur",
          "sops-nix"
        ],
        "spicetify-nix": [
          "nur",
          "spicetify-nix"
        ]
      }
    },
    "sops-nix": {
      "inputs": {
        "nixpkgs": [
          "nur",
          "nixpkgs"
        ],
        "nixpkgs-stable": "nixpkgs-stable"
      },
      "locked": {
        "lastModified": 1704753304,
        "narHash": "sha256-9shh5fYLfLJrxr4NnIoWcO9T3bTFuO5QW9v/wDpq9Xg=",
        "owner": "Mic92",
        "repo": "sops-nix",
        "rev": "0ded57412079011f1210c2fcc10e112427d4c0e6",
        "type": "github"
      },
      "original": {
        "owner": "Mic92",
        "repo": "sops-nix",
        "type": "github"
      }
    },
    "spicetify-nix": {
      "inputs": {
        "flake-utils": [
          "nur",
          "flake-utils"
        ],
        "nixpkgs": [
          "nur",
          "nixpkgs"
        ]
      },
      "locked": {
        "lastModified": 1705126254,
        "narHash": "sha256-brg3y/TE7t4SR8soVIF1TD5g78CTYZzWiW09pW1vn1U=",
        "owner": "A1ca7raz",
        "repo": "spicetify-nix",
        "rev": "bf051246cc905c77368662c5e6d0c98b78eee2b3",
        "type": "github"
      },
      "original": {
        "owner": "A1ca7raz",
        "repo": "spicetify-nix",
        "type": "github"
      }
    },
    "stable": {
      "locked": {
        "lastModified": 1696039360,
        "narHash": "sha256-g7nIUV4uq1TOVeVIDEZLb005suTWCUjSY0zYOlSBsyE=",
        "owner": "NixOS",
        "repo": "nixpkgs",
        "rev": "32dcb45f66c0487e92db8303a798ebc548cadedc",
        "type": "github"
      },
      "original": {
        "owner": "NixOS",
        "ref": "nixos-23.05",
        "repo": "nixpkgs",
        "type": "github"
      }
    },
    "systems": {
      "locked": {
        "lastModified": 1681028828,
        "narHash": "sha256-Vy1rq5AaRuLzOxct8nz4T6wlgyUR7zLU309k9mBC768=",
        "owner": "nix-systems",
        "repo": "default",
        "rev": "da67096a3b9bf56a91d16901293e51ba5b49a27e",
        "type": "github"
      },
      "original": {
        "owner": "nix-systems",
        "repo": "default",
        "type": "github"
      }
    },
    "systems_2": {
      "locked": {
        "lastModified": 1681028828,
        "narHash": "sha256-Vy1rq5AaRuLzOxct8nz4T6wlgyUR7zLU309k9mBC768=",
        "owner": "nix-systems",
        "repo": "default",
        "rev": "da67096a3b9bf56a91d16901293e51ba5b49a27e",
        "type": "github"
      },
      "original": {
        "id": "systems",
        "type": "indirect"
      }
    },
    "treefmt-nix": {
      "inputs": {
        "nixpkgs": [
          "nur",
          "poetry2nix",
          "nixpkgs"
        ]
      },
      "locked": {
        "lastModified": 1699786194,
        "narHash": "sha256-3h3EH1FXQkIeAuzaWB+nK0XK54uSD46pp+dMD3gAcB4=",
        "owner": "numtide",
        "repo": "treefmt-nix",
        "rev": "e82f32aa7f06bbbd56d7b12186d555223dc399d1",
        "type": "github"
      },
      "original": {
        "owner": "numtide",
        "repo": "treefmt-nix",
        "type": "github"
      }
    }
  },
  "root": "root",
  "version": 7
}
