{
  "nodes": {
    "colmena": {
      "inputs": {
        "flake-compat": [
          "flake-compat"
        ],
        "flake-utils": [
          "flake-utils"
        ],
        "nix-github-actions": "nix-github-actions",
        "nixpkgs": [
          "nixpkgs"
        ],
        "stable": "stable"
      },
      "locked": {
        "lastModified": 1734897875,
        "narHash": "sha256-LLpiqfOGBippRax9F33kSJ/Imt8gJXb6o0JwSBiNHCk=",
        "owner": "zhaofengli",
        "repo": "colmena",
        "rev": "a6b51f5feae9bfb145daa37fd0220595acb7871e",
        "type": "github"
      },
      "original": {
        "owner": "zhaofengli",
        "repo": "colmena",
        "type": "github"
      }
    },
    "crane": {
      "locked": {
        "lastModified": 1734324364,
        "narHash": "sha256-omYTR59TdH0AumP1cfh49fBnWZ52HjfdNfaLzCMZBx0=",
        "owner": "ipetkov",
        "repo": "crane",
        "rev": "60d7623f1320470bf2fdb92fd2dca1e9a27b98ce",
        "type": "github"
      },
      "original": {
        "owner": "ipetkov",
        "repo": "crane",
        "type": "github"
      }
    },
    "dns": {
      "inputs": {
        "flake-utils": [
          "flake-utils"
        ],
        "nixpkgs": [
          "nixpkgs"
        ]
      },
      "locked": {
        "lastModified": 1733919067,
        "narHash": "sha256-ZsL5pKwEDhcZhVJh+3IwgHus7kSW/N8qOlBscwB6BCI=",
        "owner": "nix-community",
        "repo": "dns.nix",
        "rev": "a23f43f9762aa96d3e35c8eeefa7610bd0cdf456",
        "type": "github"
      },
      "original": {
        "owner": "nix-community",
        "repo": "dns.nix",
        "type": "github"
      }
    },
    "flake-compat": {
      "flake": false,
      "locked": {
        "lastModified": 1733328505,
        "narHash": "sha256-NeCCThCEP3eCl2l/+27kNNK7QrwZB1IJCrXfrbv5oqU=",
        "owner": "edolstra",
        "repo": "flake-compat",
        "rev": "ff81ac966bb2cae68946d5ed5fc4994f96d0ffec",
        "type": "github"
      },
      "original": {
        "owner": "edolstra",
        "repo": "flake-compat",
        "type": "github"
      }
    },
    "flake-parts": {
      "inputs": {
        "nixpkgs-lib": [
          "nur",
          "nixpkgs-lib"
        ]
      },
      "locked": {
        "lastModified": 1733312601,
        "narHash": "sha256-4pDvzqnegAfRkPwO3wmwBhVi/Sye1mzps0zHWYnP88c=",
        "owner": "hercules-ci",
        "repo": "flake-parts",
        "rev": "205b12d8b7cd4802fbcb8e8ef6a0f1408781a4f9",
        "type": "github"
      },
      "original": {
        "owner": "hercules-ci",
        "repo": "flake-parts",
        "type": "github"
      }
    },
    "flake-utils": {
      "inputs": {
        "systems": "systems"
      },
      "locked": {
        "lastModified": 1731533236,
        "narHash": "sha256-l0KFg5HjrsfsO/JpG+r7fRrqm12kzFHyUHqHCVpMMbI=",
        "owner": "numtide",
        "repo": "flake-utils",
        "rev": "11707dc2f618dd54ca8739b309ec4fc024de578b",
        "type": "github"
      },
      "original": {
        "owner": "numtide",
        "repo": "flake-utils",
        "type": "github"
      }
    },
    "hercules-ci-effects": {
      "inputs": {
        "flake-parts": [
          "nur",
          "flake-parts"
        ],
        "nixpkgs": [
          "nur",
          "nixpkgs"
        ]
      },
      "locked": {
        "lastModified": 1733333617,
        "narHash": "sha256-nMMQXREGvLOLvUa0ByhYFdaL0Jov0t1wzLbKjr05P2w=",
        "owner": "hercules-ci",
        "repo": "hercules-ci-effects",
        "rev": "56f8ea8d502c87cf62444bec4ee04512e8ea24ea",
        "type": "github"
      },
      "original": {
        "owner": "hercules-ci",
        "repo": "hercules-ci-effects",
        "type": "github"
      }
    },
    "home-manager": {
      "inputs": {
        "nixpkgs": [
          "nixpkgs"
        ]
      },
      "locked": {
        "lastModified": 1734992499,
        "narHash": "sha256-f9UyHMTb+BwF6RDZ8eO9HOkSlKeeSPBlcYhMmV1UNIk=",
        "owner": "nix-community",
        "repo": "home-manager",
        "rev": "f1b1786ea77739dcd181b920d430e30fb1608b8a",
        "type": "github"
      },
      "original": {
        "owner": "nix-community",
        "repo": "home-manager",
        "type": "github"
      }
    },
    "impermanence": {
      "locked": {
        "lastModified": 1734945620,
        "narHash": "sha256-olIfsfJK4/GFmPH8mXMmBDAkzVQ1TWJmeGT3wBGfQPY=",
        "owner": "nix-community",
        "repo": "impermanence",
        "rev": "d000479f4f41390ff7cf9204979660ad5dd16176",
        "type": "github"
      },
      "original": {
        "owner": "nix-community",
        "repo": "impermanence",
        "type": "github"
      }
    },
    "kwin-effects-forceblur": {
      "inputs": {
        "nixpkgs": [
          "nur",
          "nixpkgs"
        ],
        "utils": [
          "nur",
          "flake-utils"
        ]
      },
      "locked": {
        "lastModified": 1733586715,
        "narHash": "sha256-qRwBwL6bI3ZIDHHaFgpOSYWhcVN102rsSvueHbyfxFs=",
        "owner": "taj-ny",
        "repo": "kwin-effects-forceblur",
        "rev": "6c5705e8f96d5d0cdd1fcbd48007740921fa7313",
        "type": "github"
      },
      "original": {
        "owner": "taj-ny",
        "repo": "kwin-effects-forceblur",
        "type": "github"
      }
    },
    "kwin-gestures": {
      "inputs": {
        "nixpkgs": [
          "nur",
          "nixpkgs"
        ],
        "utils": [
          "nur",
          "flake-utils"
        ]
      },
      "locked": {
        "lastModified": 1729256394,
        "narHash": "sha256-juXMOv4Dgbpoo1RggYow7P5xCnhGMk3912vrE3r2Q2Y=",
        "owner": "taj-ny",
        "repo": "kwin-gestures",
        "rev": "2d1655190b2fc8e9c9efe4c14dbff85779270273",
        "type": "github"
      },
      "original": {
        "owner": "taj-ny",
        "repo": "kwin-gestures",
        "type": "github"
      }
    },
    "lanzaboote": {
      "inputs": {
        "crane": [
          "nur",
          "crane"
        ],
        "flake-compat": [
          "nur",
          "flake-compat"
        ],
        "flake-parts": [
          "nur",
          "flake-parts"
        ],
        "nixpkgs": [
          "nur",
          "nixpkgs"
        ],
        "pre-commit-hooks-nix": [
          "nur"
        ],
        "rust-overlay": [
          "nur",
          "rust-overlay"
        ]
      },
      "locked": {
        "lastModified": 1731941836,
        "narHash": "sha256-zpmAzrvK8KdssBSwiIwwRxaUJ77oWORbW0XFvgCFpTE=",
        "owner": "nix-community",
        "repo": "lanzaboote",
        "rev": "2f48272f34174fd2a5ab3df4d8a46919247be879",
        "type": "github"
      },
      "original": {
        "owner": "nix-community",
        "repo": "lanzaboote",
        "type": "github"
      }
    },
    "nix-github-actions": {
      "inputs": {
        "nixpkgs": [
          "colmena",
          "nixpkgs"
        ]
      },
      "locked": {
        "lastModified": 1729742964,
        "narHash": "sha256-B4mzTcQ0FZHdpeWcpDYPERtyjJd/NIuaQ9+BV1h+MpA=",
        "owner": "nix-community",
        "repo": "nix-github-actions",
        "rev": "e04df33f62cdcf93d73e9a04142464753a16db67",
        "type": "github"
      },
      "original": {
        "owner": "nix-community",
        "repo": "nix-github-actions",
        "type": "github"
      }
    },
    "nix-index-database": {
      "inputs": {
        "nixpkgs": [
          "nur",
          "nixpkgs"
        ]
      },
      "locked": {
        "lastModified": 1734234111,
        "narHash": "sha256-icEMqBt4HtGH52PU5FHidgBrNJvOfXH6VQKNtnD1aw8=",
        "owner": "nix-community",
        "repo": "nix-index-database",
        "rev": "311d6cf3ad3f56cb051ffab1f480b2909b3f754d",
        "type": "github"
      },
      "original": {
        "owner": "nix-community",
        "repo": "nix-index-database",
        "type": "github"
      }
    },
    "nixpak": {
      "inputs": {
        "flake-parts": [
          "nur",
          "flake-parts"
        ],
        "hercules-ci-effects": [
          "nur",
          "hercules-ci-effects"
        ],
        "nixpkgs": [
          "nur",
          "nixpkgs"
        ]
      },
      "locked": {
        "lastModified": 1733970147,
        "narHash": "sha256-63SguTBGenmU4jx7j44PVXlZMsWsALjaNPpRg9xlljs=",
        "owner": "nixpak",
        "repo": "nixpak",
        "rev": "fbbb572e595decf5e749d7fbeb27e1ff09484ff8",
        "type": "github"
      },
      "original": {
        "owner": "nixpak",
        "repo": "nixpak",
        "type": "github"
      }
    },
    "nixpkgs": {
      "locked": {
        "lastModified": 1734119587,
        "narHash": "sha256-AKU6qqskl0yf2+JdRdD0cfxX4b9x3KKV5RqA6wijmPM=",
        "owner": "NixOS",
        "repo": "nixpkgs",
        "rev": "3566ab7246670a43abd2ffa913cc62dad9cdf7d5",
        "type": "github"
      },
      "original": {
        "owner": "NixOS",
        "ref": "nixos-unstable",
        "repo": "nixpkgs",
        "type": "github"
      }
    },
    "nixpkgs-23-05": {
      "locked": {
        "lastModified": 1704290814,
        "narHash": "sha256-LWvKHp7kGxk/GEtlrGYV68qIvPHkU9iToomNFGagixU=",
        "owner": "NixOS",
        "repo": "nixpkgs",
        "rev": "70bdadeb94ffc8806c0570eb5c2695ad29f0e421",
        "type": "github"
      },
      "original": {
        "owner": "NixOS",
        "ref": "nixos-23.05",
        "repo": "nixpkgs",
        "type": "github"
      }
    },
    "nixpkgs-lib": {
      "locked": {
        "dir": "lib",
        "lastModified": 1734119587,
        "narHash": "sha256-AKU6qqskl0yf2+JdRdD0cfxX4b9x3KKV5RqA6wijmPM=",
        "owner": "NixOS",
        "repo": "nixpkgs",
        "rev": "3566ab7246670a43abd2ffa913cc62dad9cdf7d5",
        "type": "github"
      },
      "original": {
        "dir": "lib",
        "owner": "NixOS",
        "ref": "nixos-unstable",
        "repo": "nixpkgs",
        "type": "github"
      }
    },
    "nixpkgs-stable": {
      "locked": {
        "lastModified": 1730602179,
        "narHash": "sha256-efgLzQAWSzJuCLiCaQUCDu4NudNlHdg2NzGLX5GYaEY=",
        "owner": "NixOS",
        "repo": "nixpkgs",
        "rev": "3c2f1c4ca372622cb2f9de8016c9a0b1cbd0f37c",
        "type": "github"
      },
      "original": {
        "owner": "NixOS",
        "ref": "release-24.05",
        "repo": "nixpkgs",
        "type": "github"
      }
    },
    "nur": {
      "inputs": {
        "crane": "crane",
        "flake-compat": "flake-compat",
        "flake-parts": "flake-parts",
        "flake-utils": "flake-utils",
        "hercules-ci-effects": "hercules-ci-effects",
        "kwin-effects-forceblur": "kwin-effects-forceblur",
        "kwin-gestures": "kwin-gestures",
        "lanzaboote": "lanzaboote",
        "nix-index-database": "nix-index-database",
        "nixpak": "nixpak",
        "nixpkgs": "nixpkgs",
        "nixpkgs-23-05": "nixpkgs-23-05",
        "nixpkgs-lib": "nixpkgs-lib",
        "rust-overlay": "rust-overlay",
        "sops-nix": "sops-nix",
        "spicetify-nix": "spicetify-nix"
      },
      "locked": {
        "lastModified": 1735031636,
        "narHash": "sha256-QqxqPCJP1nQ1QTAba21ULSYH/kLmTCMAaZRXoJggedk=",
        "owner": "A1ca7raz",
        "repo": "nurpkgs",
        "rev": "41a451e33e329c9aaa152d267c4438383f823f21",
        "type": "github"
      },
      "original": {
        "owner": "A1ca7raz",
        "repo": "nurpkgs",
        "type": "github"
      }
    },
    "root": {
      "inputs": {
        "colmena": "colmena",
        "dns": "dns",
        "flake-compat": [
          "nur",
          "flake-compat"
        ],
        "flake-utils": [
          "nur",
          "flake-utils"
        ],
        "home-manager": "home-manager",
        "impermanence": "impermanence",
        "lanzaboote": [
          "nur",
          "lanzaboote"
        ],
        "nix-index-database": [
          "nur",
          "nix-index-database"
        ],
        "nixpkgs": [
          "nur",
          "nixpkgs"
        ],
        "nur": "nur",
        "sops-nix": [
          "nur",
          "sops-nix"
        ],
        "spicetify-nix": [
          "nur",
          "spicetify-nix"
        ]
      }
    },
    "rust-overlay": {
      "inputs": {
        "nixpkgs": [
          "nur",
          "nixpkgs"
        ]
      },
      "locked": {
        "lastModified": 1734402816,
        "narHash": "sha256-cgQ8mjUJz7J3fp97lnvl0dSJ6vLt8yzUSmw3B7QKw94=",
        "owner": "oxalica",
        "repo": "rust-overlay",
        "rev": "e38fbd6e56e8cd1d61c65a21bbb7785e966707b4",
        "type": "github"
      },
      "original": {
        "owner": "oxalica",
        "repo": "rust-overlay",
        "type": "github"
      }
    },
    "sops-nix": {
      "inputs": {
        "nixpkgs": [
          "nur",
          "nixpkgs"
        ],
        "nixpkgs-stable": "nixpkgs-stable"
      },
      "locked": {
        "lastModified": 1730746162,
        "narHash": "sha256-ZGmI+3AbT8NkDdBQujF+HIxZ+sWXuyT6X8B49etWY2g=",
        "owner": "Mic92",
        "repo": "sops-nix",
        "rev": "59d6988329626132eaf107761643f55eb979eef1",
        "type": "github"
      },
      "original": {
        "owner": "Mic92",
        "repo": "sops-nix",
        "rev": "59d6988329626132eaf107761643f55eb979eef1",
        "type": "github"
      }
    },
    "spicetify-nix": {
      "inputs": {
        "flake-utils": [
          "nur",
          "flake-utils"
        ],
        "nixpkgs": [
          "nur",
          "nixpkgs"
        ]
      },
      "locked": {
        "lastModified": 1734201980,
        "narHash": "sha256-cILU6vEjSW1WLCte6yc1HUtaCx7nYXtYFK617oX9YNs=",
        "owner": "A1ca7raz",
        "repo": "spicetify-nix",
        "rev": "8e2d6c20074fa9a4f64397180b37507a96f800bb",
        "type": "github"
      },
      "original": {
        "owner": "A1ca7raz",
        "repo": "spicetify-nix",
        "type": "github"
      }
    },
    "stable": {
      "locked": {
        "lastModified": 1730883749,
        "narHash": "sha256-mwrFF0vElHJP8X3pFCByJR365Q2463ATp2qGIrDUdlE=",
        "owner": "NixOS",
        "repo": "nixpkgs",
        "rev": "dba414932936fde69f0606b4f1d87c5bc0003ede",
        "type": "github"
      },
      "original": {
        "owner": "NixOS",
        "ref": "nixos-24.05",
        "repo": "nixpkgs",
        "type": "github"
      }
    },
    "systems": {
      "locked": {
        "lastModified": 1681028828,
        "narHash": "sha256-Vy1rq5AaRuLzOxct8nz4T6wlgyUR7zLU309k9mBC768=",
        "owner": "nix-systems",
        "repo": "default",
        "rev": "da67096a3b9bf56a91d16901293e51ba5b49a27e",
        "type": "github"
      },
      "original": {
        "owner": "nix-systems",
        "repo": "default",
        "type": "github"
      }
    }
  },
  "root": "root",
  "version": 7
}
